
Microsoft Visual Studio Solution File, Format Version 10.00
# Visual Studio 2008
Project("{FAE04EC0-301F-11D3-BF4B-00C04F79EFBC}") = "Controle", "Controle\Controle.csproj", "{1D4A429D-FB52-470A-8A13-6E2F4EFC4FA2}"
EndProject
Global
	GlobalSection(SolutionConfigurationPlatforms) = preSolution
		Debug|Any CPU = Debug|Any CPU
		Release|Any CPU = Release|Any CPU
	EndGlobalSection
	GlobalSection(ProjectConfigurationPlatforms) = postSolution
		{1D4A429D-FB52-470A-8A13-6E2F4EFC4FA2}.Debug|Any CPU.ActiveCfg = Debug|Any CPU
		{1D4A429D-FB52-470A-8A13-6E2F4EFC4FA2}.Debug|Any CPU.Build.0 = Debug|Any CPU
		{1D4A429D-FB52-470A-8A13-6E2F4EFC4FA2}.Release|Any CPU.ActiveCfg = Release|Any CPU
		{1D4A429D-FB52-470A-8A13-6E2F4EFC4FA2}.Release|Any CPU.Build.0 = Release|Any CPU
	EndGlobalSection
	GlobalSection(SolutionProperties) = preSolution
		HideSolutionNode = FALSE
	EndGlobalSection
EndGlobal
